// !$*UTF8*$!
{
	archiveVersion = 1;
	classes = {
	};
	objectVersion = 50;
	objects = {

/* Begin PBXBuildFile section */
		C2D3DA7721DE7D0E009904BF /* AppDelegate.swift in Sources */ = {isa = PBXBuildFile; fileRef = C2D3DA7621DE7D0E009904BF /* AppDelegate.swift */; };
		C2D3DA7921DE7D0E009904BF /* ViewController.swift in Sources */ = {isa = PBXBuildFile; fileRef = C2D3DA7821DE7D0E009904BF /* ViewController.swift */; };
		C2D3DA7C21DE7D0E009904BF /* Main.storyboard in Resources */ = {isa = PBXBuildFile; fileRef = C2D3DA7A21DE7D0E009904BF /* Main.storyboard */; };
		C2D3DA7E21DE7D10009904BF /* Assets.xcassets in Resources */ = {isa = PBXBuildFile; fileRef = C2D3DA7D21DE7D10009904BF /* Assets.xcassets */; };
		C2D3DA8121DE7D10009904BF /* LaunchScreen.storyboard in Resources */ = {isa = PBXBuildFile; fileRef = C2D3DA7F21DE7D10009904BF /* LaunchScreen.storyboard */; };
		C2D3DA8C21DE7D10009904BF /* ScribbitTests.swift in Sources */ = {isa = PBXBuildFile; fileRef = C2D3DA8B21DE7D10009904BF /* ScribbitTests.swift */; };
		C2D3DA9721DE7D10009904BF /* ScribbitUITests.swift in Sources */ = {isa = PBXBuildFile; fileRef = C2D3DA9621DE7D10009904BF /* ScribbitUITests.swift */; };
/* End PBXBuildFile section */

/* Begin PBXContainerItemProxy section */
		C2D3DA8821DE7D10009904BF /* PBXContainerItemProxy */ = {
			isa = PBXContainerItemProxy;
			containerPortal = C2D3DA6B21DE7D0E009904BF /* Project object */;
			proxyType = 1;
			remoteGlobalIDString = C2D3DA7221DE7D0E009904BF;
			remoteInfo = Scribbit;
		};
		C2D3DA9321DE7D10009904BF /* PBXContainerItemProxy */ = {
			isa = PBXContainerItemProxy;
			containerPortal = C2D3DA6B21DE7D0E009904BF /* Project object */;
			proxyType = 1;
			remoteGlobalIDString = C2D3DA7221DE7D0E009904BF;
			remoteInfo = Scribbit;
		};
/* End PBXContainerItemProxy section */

/* Begin PBXFileReference section */
		C2D3DA7321DE7D0E009904BF /* Scribbit.app */ = {isa = PBXFileReference; explicitFileType = wrapper.application; includeInIndex = 0; path = Scribbit.app; sourceTree = BUILT_PRODUCTS_DIR; };
		C2D3DA7621DE7D0E009904BF /* AppDelegate.swift */ = {isa = PBXFileReference; lastKnownFileType = sourcecode.swift; path = AppDelegate.swift; sourceTree = "<group>"; };
		C2D3DA7821DE7D0E009904BF /* ViewController.swift */ = {isa = PBXFileReference; lastKnownFileType = sourcecode.swift; path = ViewController.swift; sourceTree = "<group>"; };
		C2D3DA7B21DE7D0E009904BF /* Base */ = {isa = PBXFileReference; lastKnownFileType = file.storyboard; name = Base; path = Base.lproj/Main.storyboard; sourceTree = "<group>"; };
		C2D3DA7D21DE7D10009904BF /* Assets.xcassets */ = {isa = PBXFileReference; lastKnownFileType = folder.assetcatalog; path = Assets.xcassets; sourceTree = "<group>"; };
		C2D3DA8021DE7D10009904BF /* Base */ = {isa = PBXFileReference; lastKnownFileType = file.storyboard; name = Base; path = Base.lproj/LaunchScreen.storyboard; sourceTree = "<group>"; };
		C2D3DA8221DE7D10009904BF /* Info.plist */ = {isa = PBXFileReference; lastKnownFileType = text.plist.xml; path = Info.plist; sourceTree = "<group>"; };
		C2D3DA8721DE7D10009904BF /* ScribbitTests.xctest */ = {isa = PBXFileReference; explicitFileType = wrapper.cfbundle; includeInIndex = 0; path = ScribbitTests.xctest; sourceTree = BUILT_PRODUCTS_DIR; };
		C2D3DA8B21DE7D10009904BF /* ScribbitTests.swift */ = {isa = PBXFileReference; lastKnownFileType = sourcecode.swift; path = ScribbitTests.swift; sourceTree = "<group>"; };
		C2D3DA8D21DE7D10009904BF /* Info.plist */ = {isa = PBXFileReference; lastKnownFileType = text.plist.xml; path = Info.plist; sourceTree = "<group>"; };
		C2D3DA9221DE7D10009904BF /* ScribbitUITests.xctest */ = {isa = PBXFileReference; explicitFileType = wrapper.cfbundle; includeInIndex = 0; path = ScribbitUITests.xctest; sourceTree = BUILT_PRODUCTS_DIR; };
		C2D3DA9621DE7D10009904BF /* ScribbitUITests.swift */ = {isa = PBXFileReference; lastKnownFileType = sourcecode.swift; path = ScribbitUITests.swift; sourceTree = "<group>"; };
		C2D3DA9821DE7D10009904BF /* Info.plist */ = {isa = PBXFileReference; lastKnownFileType = text.plist.xml; path = Info.plist; sourceTree = "<group>"; };
/* End PBXFileReference section */

/* Begin PBXFrameworksBuildPhase section */
		C2D3DA7021DE7D0E009904BF /* Frameworks */ = {
			isa = PBXFrameworksBuildPhase;
			buildActionMask = 2147483647;
			files = (
			);
			runOnlyForDeploymentPostprocessing = 0;
		};
		C2D3DA8421DE7D10009904BF /* Frameworks */ = {
			isa = PBXFrameworksBuildPhase;
			buildActionMask = 2147483647;
			files = (
			);
			runOnlyForDeploymentPostprocessing = 0;
		};
		C2D3DA8F21DE7D10009904BF /* Frameworks */ = {
			isa = PBXFrameworksBuildPhase;
			buildActionMask = 2147483647;
			files = (
			);
			runOnlyForDeploymentPostprocessing = 0;
		};
/* End PBXFrameworksBuildPhase section */

/* Begin PBXGroup section */
		C2D3DA6A21DE7D0E009904BF = {
			isa = PBXGroup;
			children = (
				C2D3DA7521DE7D0E009904BF /* Scribbit */,
				C2D3DA8A21DE7D10009904BF /* ScribbitTests */,
				C2D3DA9521DE7D10009904BF /* ScribbitUITests */,
				C2D3DA7421DE7D0E009904BF /* Products */,
			);
			sourceTree = "<group>";
		};
		C2D3DA7421DE7D0E009904BF /* Products */ = {
			isa = PBXGroup;
			children = (
				C2D3DA7321DE7D0E009904BF /* Scribbit.app */,
				C2D3DA8721DE7D10009904BF /* ScribbitTests.xctest */,
				C2D3DA9221DE7D10009904BF /* ScribbitUITests.xctest */,
			);
			name = Products;
			sourceTree = "<group>";
		};
		C2D3DA7521DE7D0E009904BF /* Scribbit */ = {
			isa = PBXGroup;
			children = (
				C2D3DA7621DE7D0E009904BF /* AppDelegate.swift */,
				C2D3DA7821DE7D0E009904BF /* ViewController.swift */,
				C2D3DA7A21DE7D0E009904BF /* Main.storyboard */,
				C2D3DA7D21DE7D10009904BF /* Assets.xcassets */,
				C2D3DA7F21DE7D10009904BF /* LaunchScreen.storyboard */,
				C2D3DA8221DE7D10009904BF /* Info.plist */,
			);
			path = Scribbit;
			sourceTree = "<group>";
		};
		C2D3DA8A21DE7D10009904BF /* ScribbitTests */ = {
			isa = PBXGroup;
			children = (
				C2D3DA8B21DE7D10009904BF /* ScribbitTests.swift */,
				C2D3DA8D21DE7D10009904BF /* Info.plist */,
			);
			path = ScribbitTests;
			sourceTree = "<group>";
		};
		C2D3DA9521DE7D10009904BF /* ScribbitUITests */ = {
			isa = PBXGroup;
			children = (
				C2D3DA9621DE7D10009904BF /* ScribbitUITests.swift */,
				C2D3DA9821DE7D10009904BF /* Info.plist */,
			);
			path = ScribbitUITests;
			sourceTree = "<group>";
		};
/* End PBXGroup section */

/* Begin PBXNativeTarget section */
		C2D3DA7221DE7D0E009904BF /* Scribbit */ = {
			isa = PBXNativeTarget;
			buildConfigurationList = C2D3DA9B21DE7D10009904BF /* Build configuration list for PBXNativeTarget "Scribbit" */;
			buildPhases = (
				C2D3DA6F21DE7D0E009904BF /* Sources */,
				C2D3DA7021DE7D0E009904BF /* Frameworks */,
				C2D3DA7121DE7D0E009904BF /* Resources */,
			);
			buildRules = (
			);
			dependencies = (
			);
			name = Scribbit;
			productName = Scribbit;
			productReference = C2D3DA7321DE7D0E009904BF /* Scribbit.app */;
			productType = "com.apple.product-type.application";
		};
		C2D3DA8621DE7D10009904BF /* ScribbitTests */ = {
			isa = PBXNativeTarget;
			buildConfigurationList = C2D3DA9E21DE7D10009904BF /* Build configuration list for PBXNativeTarget "ScribbitTests" */;
			buildPhases = (
				C2D3DA8321DE7D10009904BF /* Sources */,
				C2D3DA8421DE7D10009904BF /* Frameworks */,
				C2D3DA8521DE7D10009904BF /* Resources */,
			);
			buildRules = (
			);
			dependencies = (
				C2D3DA8921DE7D10009904BF /* PBXTargetDependency */,
			);
			name = ScribbitTests;
			productName = ScribbitTests;
			productReference = C2D3DA8721DE7D10009904BF /* ScribbitTests.xctest */;
			productType = "com.apple.product-type.bundle.unit-test";
		};
		C2D3DA9121DE7D10009904BF /* ScribbitUITests */ = {
			isa = PBXNativeTarget;
			buildConfigurationList = C2D3DAA121DE7D10009904BF /* Build configuration list for PBXNativeTarget "ScribbitUITests" */;
			buildPhases = (
				C2D3DA8E21DE7D10009904BF /* Sources */,
				C2D3DA8F21DE7D10009904BF /* Frameworks */,
				C2D3DA9021DE7D10009904BF /* Resources */,
			);
			buildRules = (
			);
			dependencies = (
				C2D3DA9421DE7D10009904BF /* PBXTargetDependency */,
			);
			name = ScribbitUITests;
			productName = ScribbitUITests;
			productReference = C2D3DA9221DE7D10009904BF /* ScribbitUITests.xctest */;
			productType = "com.apple.product-type.bundle.ui-testing";
		};
/* End PBXNativeTarget section */

/* Begin PBXProject section */
		C2D3DA6B21DE7D0E009904BF /* Project object */ = {
			isa = PBXProject;
			attributes = {
				LastSwiftUpdateCheck = 0940;
				LastUpgradeCheck = 0940;
				ORGANIZATIONNAME = "Oron Barash (student LM)";
				TargetAttributes = {
					C2D3DA7221DE7D0E009904BF = {
						CreatedOnToolsVersion = 9.4;
					};
					C2D3DA8621DE7D10009904BF = {
						CreatedOnToolsVersion = 9.4;
						TestTargetID = C2D3DA7221DE7D0E009904BF;
					};
					C2D3DA9121DE7D10009904BF = {
						CreatedOnToolsVersion = 9.4;
						TestTargetID = C2D3DA7221DE7D0E009904BF;
					};
				};
			};
			buildConfigurationList = C2D3DA6E21DE7D0E009904BF /* Build configuration list for PBXProject "Scribbit" */;
			compatibilityVersion = "Xcode 9.3";
			developmentRegion = en;
			hasScannedForEncodings = 0;
			knownRegions = (
				en,
				Base,
			);
			mainGroup = C2D3DA6A21DE7D0E009904BF;
			productRefGroup = C2D3DA7421DE7D0E009904BF /* Products */;
			projectDirPath = "";
			projectRoot = "";
			targets = (
				C2D3DA7221DE7D0E009904BF /* Scribbit */,
				C2D3DA8621DE7D10009904BF /* ScribbitTests */,
				C2D3DA9121DE7D10009904BF /* ScribbitUITests */,
			);
		};
/* End PBXProject section */

/* Begin PBXResourcesBuildPhase section */
		C2D3DA7121DE7D0E009904BF /* Resources */ = {
			isa = PBXResourcesBuildPhase;
			buildActionMask = 2147483647;
			files = (
				C2D3DA8121DE7D10009904BF /* LaunchScreen.storyboard in Resources */,
				C2D3DA7E21DE7D10009904BF /* Assets.xcassets in Resources */,
				C2D3DA7C21DE7D0E009904BF /* Main.storyboard in Resources */,
			);
			runOnlyForDeploymentPostprocessing = 0;
		};
		C2D3DA8521DE7D10009904BF /* Resources */ = {
			isa = PBXResourcesBuildPhase;
			buildActionMask = 2147483647;
			files = (
			);
			runOnlyForDeploymentPostprocessing = 0;
		};
		C2D3DA9021DE7D10009904BF /* Resources */ = {
			isa = PBXResourcesBuildPhase;
			buildActionMask = 2147483647;
			files = (
			);
			runOnlyForDeploymentPostprocessing = 0;
		};
/* End PBXResourcesBuildPhase section */

/* Begin PBXSourcesBuildPhase section */
		C2D3DA6F21DE7D0E009904BF /* Sources */ = {
			isa = PBXSourcesBuildPhase;
			buildActionMask = 2147483647;
			files = (
				C2D3DA7921DE7D0E009904BF /* ViewController.swift in Sources */,
				C2D3DA7721DE7D0E009904BF /* AppDelegate.swift in Sources */,
			);
			runOnlyForDeploymentPostprocessing = 0;
		};
		C2D3DA8321DE7D10009904BF /* Sources */ = {
			isa = PBXSourcesBuildPhase;
			buildActionMask = 2147483647;
			files = (
				C2D3DA8C21DE7D10009904BF /* ScribbitTests.swift in Sources */,
			);
			runOnlyForDeploymentPostprocessing = 0;
		};
		C2D3DA8E21DE7D10009904BF /* Sources */ = {
			isa = PBXSourcesBuildPhase;
			buildActionMask = 2147483647;
			files = (
				C2D3DA9721DE7D10009904BF /* ScribbitUITests.swift in Sources */,
			);
			runOnlyForDeploymentPostprocessing = 0;
		};
/* End PBXSourcesBuildPhase section */

/* Begin PBXTargetDependency section */
		C2D3DA8921DE7D10009904BF /* PBXTargetDependency */ = {
			isa = PBXTargetDependency;
			target = C2D3DA7221DE7D0E009904BF /* Scribbit */;
			targetProxy = C2D3DA8821DE7D10009904BF /* PBXContainerItemProxy */;
		};
		C2D3DA9421DE7D10009904BF /* PBXTargetDependency */ = {
			isa = PBXTargetDependency;
			target = C2D3DA7221DE7D0E009904BF /* Scribbit */;
			targetProxy = C2D3DA9321DE7D10009904BF /* PBXContainerItemProxy */;
		};
/* End PBXTargetDependency section */

/* Begin PBXVariantGroup section */
		C2D3DA7A21DE7D0E009904BF /* Main.storyboard */ = {
			isa = PBXVariantGroup;
			children = (
				C2D3DA7B21DE7D0E009904BF /* Base */,
			);
			name = Main.storyboard;
			sourceTree = "<group>";
		};
		C2D3DA7F21DE7D10009904BF /* LaunchScreen.storyboard */ = {
			isa = PBXVariantGroup;
			children = (
				C2D3DA8021DE7D10009904BF /* Base */,
			);
			name = LaunchScreen.storyboard;
			sourceTree = "<group>";
		};
/* End PBXVariantGroup section */

/* Begin XCBuildConfiguration section */
		C2D3DA9921DE7D10009904BF /* Debug */ = {
			isa = XCBuildConfiguration;
			buildSettings = {
				ALWAYS_SEARCH_USER_PATHS = NO;
				CLANG_ANALYZER_NONNULL = YES;
				CLANG_ANALYZER_NUMBER_OBJECT_CONVERSION = YES_AGGRESSIVE;
				CLANG_CXX_LANGUAGE_STANDARD = "gnu++14";
				CLANG_CXX_LIBRARY = "libc++";
				CLANG_ENABLE_MODULES = YES;
				CLANG_ENABLE_OBJC_ARC = YES;
				CLANG_ENABLE_OBJC_WEAK = YES;
				CLANG_WARN_BLOCK_CAPTURE_AUTORELEASING = YES;
				CLANG_WARN_BOOL_CONVERSION = YES;
				CLANG_WARN_COMMA = YES;
				CLANG_WARN_CONSTANT_CONVERSION = YES;
				CLANG_WARN_DEPRECATED_OBJC_IMPLEMENTATIONS = YES;
				CLANG_WARN_DIRECT_OBJC_ISA_USAGE = YES_ERROR;
				CLANG_WARN_DOCUMENTATION_COMMENTS = YES;
				CLANG_WARN_EMPTY_BODY = YES;
				CLANG_WARN_ENUM_CONVERSION = YES;
				CLANG_WARN_INFINITE_RECURSION = YES;
				CLANG_WARN_INT_CONVERSION = YES;
				CLANG_WARN_NON_LITERAL_NULL_CONVERSION = YES;
				CLANG_WARN_OBJC_IMPLICIT_RETAIN_SELF = YES;
				CLANG_WARN_OBJC_LITERAL_CONVERSION = YES;
				CLANG_WARN_OBJC_ROOT_CLASS = YES_ERROR;
				CLANG_WARN_RANGE_LOOP_ANALYSIS = YES;
				CLANG_WARN_STRICT_PROTOTYPES = YES;
				CLANG_WARN_SUSPICIOUS_MOVE = YES;
				CLANG_WARN_UNGUARDED_AVAILABILITY = YES_AGGRESSIVE;
				CLANG_WARN_UNREACHABLE_CODE = YES;
				CLANG_WARN__DUPLICATE_METHOD_MATCH = YES;
				CODE_SIGN_IDENTITY = "iPhone Developer";
				COPY_PHASE_STRIP = NO;
				DEBUG_INFORMATION_FORMAT = dwarf;
				ENABLE_STRICT_OBJC_MSGSEND = YES;
				ENABLE_TESTABILITY = YES;
				GCC_C_LANGUAGE_STANDARD = gnu11;
				GCC_DYNAMIC_NO_PIC = NO;
				GCC_NO_COMMON_BLOCKS = YES;
				GCC_OPTIMIZATION_LEVEL = 0;
				GCC_PREPROCESSOR_DEFINITIONS = (
					"DEBUG=1",
					"$(inherited)",
				);
				GCC_WARN_64_TO_32_BIT_CONVERSION = YES;
				GCC_WARN_ABOUT_RETURN_TYPE = YES_ERROR;
				GCC_WARN_UNDECLARED_SELECTOR = YES;
				GCC_WARN_UNINITIALIZED_AUTOS = YES_AGGRESSIVE;
				GCC_WARN_UNUSED_FUNCTION = YES;
				GCC_WARN_UNUSED_VARIABLE = YES;
				IPHONEOS_DEPLOYMENT_TARGET = 11.4;
				MTL_ENABLE_DEBUG_INFO = YES;
				ONLY_ACTIVE_ARCH = YES;
				SDKROOT = iphoneos;
				SWIFT_ACTIVE_COMPILATION_CONDITIONS = DEBUG;
				SWIFT_OPTIMIZATION_LEVEL = "-Onone";
			};
			name = Debug;
		};
		C2D3DA9A21DE7D10009904BF /* Release */ = {
			isa = XCBuildConfiguration;
			buildSettings = {
				ALWAYS_SEARCH_USER_PATHS = NO;
				CLANG_ANALYZER_NONNULL = YES;
				CLANG_ANALYZER_NUMBER_OBJECT_CONVERSION = YES_AGGRESSIVE;
				CLANG_CXX_LANGUAGE_STANDARD = "gnu++14";
				CLANG_CXX_LIBRARY = "libc++";
				CLANG_ENABLE_MODULES = YES;
				CLANG_ENABLE_OBJC_ARC = YES;
				CLANG_ENABLE_OBJC_WEAK = YES;
				CLANG_WARN_BLOCK_CAPTURE_AUTORELEASING = YES;
				CLANG_WARN_BOOL_CONVERSION = YES;
				CLANG_WARN_COMMA = YES;
				CLANG_WARN_CONSTANT_CONVERSION = YES;
				CLANG_WARN_DEPRECATED_OBJC_IMPLEMENTATIONS = YES;
				CLANG_WARN_DIRECT_OBJC_ISA_USAGE = YES_ERROR;
				CLANG_WARN_DOCUMENTATION_COMMENTS = YES;
				CLANG_WARN_EMPTY_BODY = YES;
				CLANG_WARN_ENUM_CONVERSION = YES;
				CLANG_WARN_INFINITE_RECURSION = YES;
				CLANG_WARN_INT_CONVERSION = YES;
				CLANG_WARN_NON_LITERAL_NULL_CONVERSION = YES;
				CLANG_WARN_OBJC_IMPLICIT_RETAIN_SELF = YES;
				CLANG_WARN_OBJC_LITERAL_CONVERSION = YES;
				CLANG_WARN_OBJC_ROOT_CLASS = YES_ERROR;
				CLANG_WARN_RANGE_LOOP_ANALYSIS = YES;
				CLANG_WARN_STRICT_PROTOTYPES = YES;
				CLANG_WARN_SUSPICIOUS_MOVE = YES;
				CLANG_WARN_UNGUARDED_AVAILABILITY = YES_AGGRESSIVE;
				CLANG_WARN_UNREACHABLE_CODE = YES;
				CLANG_WARN__DUPLICATE_METHOD_MATCH = YES;
				CODE_SIGN_IDENTITY = "iPhone Developer";
				COPY_PHASE_STRIP = NO;
				DEBUG_INFORMATION_FORMAT = "dwarf-with-dsym";
				ENABLE_NS_ASSERTIONS = NO;
				ENABLE_STRICT_OBJC_MSGSEND = YES;
				GCC_C_LANGUAGE_STANDARD = gnu11;
				GCC_NO_COMMON_BLOCKS = YES;
				GCC_WARN_64_TO_32_BIT_CONVERSION = YES;
				GCC_WARN_ABOUT_RETURN_TYPE = YES_ERROR;
				GCC_WARN_UNDECLARED_SELECTOR = YES;
				GCC_WARN_UNINITIALIZED_AUTOS = YES_AGGRESSIVE;
				GCC_WARN_UNUSED_FUNCTION = YES;
				GCC_WARN_UNUSED_VARIABLE = YES;
				IPHONEOS_DEPLOYMENT_TARGET = 11.4;
				MTL_ENABLE_DEBUG_INFO = NO;
				SDKROOT = iphoneos;
				SWIFT_COMPILATION_MODE = wholemodule;
				SWIFT_OPTIMIZATION_LEVEL = "-O";
				VALIDATE_PRODUCT = YES;
			};
			name = Release;
		};
		C2D3DA9C21DE7D10009904BF /* Debug */ = {
			isa = XCBuildConfiguration;
			buildSettings = {
				ASSETCATALOG_COMPILER_APPICON_NAME = AppIcon;
				CODE_SIGN_STYLE = Automatic;
				INFOPLIST_FILE = Scribbit/Info.plist;
				LD_RUNPATH_SEARCH_PATHS = (
					"$(inherited)",
					"@executable_path/Frameworks",
				);
				PRODUCT_BUNDLE_IDENTIFIER = "Urine-Good-Company.Scribbit";
				PRODUCT_NAME = "$(TARGET_NAME)";
				SWIFT_VERSION = 4.0;
				TARGETED_DEVICE_FAMILY = "1,2";
			};
			name = Debug;
		};
		C2D3DA9D21DE7D10009904BF /* Release */ = {
			isa = XCBuildConfiguration;
			buildSettings = {
				ASSETCATALOG_COMPILER_APPICON_NAME = AppIcon;
				CODE_SIGN_STYLE = Automatic;
				INFOPLIST_FILE = Scribbit/Info.plist;
				LD_RUNPATH_SEARCH_PATHS = (
					"$(inherited)",
					"@executable_path/Frameworks",
				);
				PRODUCT_BUNDLE_IDENTIFIER = "Urine-Good-Company.Scribbit";
				PRODUCT_NAME = "$(TARGET_NAME)";
				SWIFT_VERSION = 4.0;
				TARGETED_DEVICE_FAMILY = "1,2";
			};
			name = Release;
		};
		C2D3DA9F21DE7D10009904BF /* Debug */ = {
			isa = XCBuildConfiguration;
			buildSettings = {
				ALWAYS_EMBED_SWIFT_STANDARD_LIBRARIES = YES;
				BUNDLE_LOADER = "$(TEST_HOST)";
				CODE_SIGN_STYLE = Automatic;
				INFOPLIST_FILE = ScribbitTests/Info.plist;
				LD_RUNPATH_SEARCH_PATHS = (
					"$(inherited)",
					"@executable_path/Frameworks",
					"@loader_path/Frameworks",
				);
				PRODUCT_BUNDLE_IDENTIFIER = "Urine-Good-Company.ScribbitTests";
				PRODUCT_NAME = "$(TARGET_NAME)";
				SWIFT_VERSION = 4.0;
				TARGETED_DEVICE_FAMILY = "1,2";
				TEST_HOST = "$(BUILT_PRODUCTS_DIR)/Scribbit.app/Scribbit";
			};
			name = Debug;
		};
		C2D3DAA021DE7D10009904BF /* Release */ = {
			isa = XCBuildConfiguration;
			buildSettings = {
				ALWAYS_EMBED_SWIFT_STANDARD_LIBRARIES = YES;
				BUNDLE_LOADER = "$(TEST_HOST)";
				CODE_SIGN_STYLE = Automatic;
				INFOPLIST_FILE = ScribbitTests/Info.plist;
				LD_RUNPATH_SEARCH_PATHS = (
					"$(inherited)",
					"@executable_path/Frameworks",
					"@loader_path/Frameworks",
				);
				PRODUCT_BUNDLE_IDENTIFIER = "Urine-Good-Company.ScribbitTests";
				PRODUCT_NAME = "$(TARGET_NAME)";
				SWIFT_VERSION = 4.0;
				TARGETED_DEVICE_FAMILY = "1,2";
				TEST_HOST = "$(BUILT_PRODUCTS_DIR)/Scribbit.app/Scribbit";
			};
			name = Release;
		};
		C2D3DAA221DE7D10009904BF /* Debug */ = {
			isa = XCBuildConfiguration;
			buildSettings = {
				ALWAYS_EMBED_SWIFT_STANDARD_LIBRARIES = YES;
				CODE_SIGN_STYLE = Automatic;
				INFOPLIST_FILE = ScribbitUITests/Info.plist;
				LD_RUNPATH_SEARCH_PATHS = (
					"$(inherited)",
					"@executable_path/Frameworks",
					"@loader_path/Frameworks",
				);
				PRODUCT_BUNDLE_IDENTIFIER = "Urine-Good-Company.ScribbitUITests";
				PRODUCT_NAME = "$(TARGET_NAME)";
				SWIFT_VERSION = 4.0;
				TARGETED_DEVICE_FAMILY = "1,2";
				TEST_TARGET_NAME = Scribbit;
			};
			name = Debug;
		};
		C2D3DAA321DE7D10009904BF /* Release */ = {
			isa = XCBuildConfiguration;
			buildSettings = {
				ALWAYS_EMBED_SWIFT_STANDARD_LIBRARIES = YES;
				CODE_SIGN_STYLE = Automatic;
				INFOPLIST_FILE = ScribbitUITests/Info.plist;
				LD_RUNPATH_SEARCH_PATHS = (
					"$(inherited)",
					"@executable_path/Frameworks",
					"@loader_path/Frameworks",
				);
				PRODUCT_BUNDLE_IDENTIFIER = "Urine-Good-Company.ScribbitUITests";
				PRODUCT_NAME = "$(TARGET_NAME)";
				SWIFT_VERSION = 4.0;
				TARGETED_DEVICE_FAMILY = "1,2";
				TEST_TARGET_NAME = Scribbit;
			};
			name = Release;
		};
/* End XCBuildConfiguration section */

/* Begin XCConfigurationList section */
		C2D3DA6E21DE7D0E009904BF /* Build configuration list for PBXProject "Scribbit" */ = {
			isa = XCConfigurationList;
			buildConfigurations = (
				C2D3DA9921DE7D10009904BF /* Debug */,
				C2D3DA9A21DE7D10009904BF /* Release */,
			);
			defaultConfigurationIsVisible = 0;
			defaultConfigurationName = Release;
		};
		C2D3DA9B21DE7D10009904BF /* Build configuration list for PBXNativeTarget "Scribbit" */ = {
			isa = XCConfigurationList;
			buildConfigurations = (
				C2D3DA9C21DE7D10009904BF /* Debug */,
				C2D3DA9D21DE7D10009904BF /* Release */,
			);
			defaultConfigurationIsVisible = 0;
			defaultConfigurationName = Release;
		};
		C2D3DA9E21DE7D10009904BF /* Build configuration list for PBXNativeTarget "ScribbitTests" */ = {
			isa = XCConfigurationList;
			buildConfigurations = (
				C2D3DA9F21DE7D10009904BF /* Debug */,
				C2D3DAA021DE7D10009904BF /* Release */,
			);
			defaultConfigurationIsVisible = 0;
			defaultConfigurationName = Release;
		};
		C2D3DAA121DE7D10009904BF /* Build configuration list for PBXNativeTarget "ScribbitUITests" */ = {
			isa = XCConfigurationList;
			buildConfigurations = (
				C2D3DAA221DE7D10009904BF /* Debug */,
				C2D3DAA321DE7D10009904BF /* Release */,
			);
			defaultConfigurationIsVisible = 0;
			defaultConfigurationName = Release;
		};
/* End XCConfigurationList section */
	};
	rootObject = C2D3DA6B21DE7D0E009904BF /* Project object */;
}
